
Microsoft Visual Studio Solution File, Format Version 12.00
# Visual Studio Version 17
VisualStudioVersion = 17.8.34219.65
MinimumVisualStudioVersion = 10.0.40219.1
Project("{9A19103F-16F7-4668-BE54-9A1E7A4F7556}") = "lcm.gui", "gui\lcm.gui.csproj", "{7C3B9BF3-AD82-4F41-9BD3-5AFA643EB83C}"
EndProject
Project("{FAE04EC0-301F-11D3-BF4B-00C04F79EFBC}") = "lcm.compat", "compat\lcm.compat.csproj", "{0E1EE6B3-212E-4C34-913A-4A6AFAAA57CC}"
EndProject
Global
	GlobalSection(SolutionConfigurationPlatforms) = preSolution
		Debug|Any CPU = Debug|Any CPU
		Release|Any CPU = Release|Any CPU
	EndGlobalSection
	GlobalSection(ProjectConfigurationPlatforms) = postSolution
		{7C3B9BF3-AD82-4F41-9BD3-5AFA643EB83C}.Debug|Any CPU.ActiveCfg = Debug|Any CPU
		{7C3B9BF3-AD82-4F41-9BD3-5AFA643EB83C}.Debug|Any CPU.Build.0 = Debug|Any CPU
		{7C3B9BF3-AD82-4F41-9BD3-5AFA643EB83C}.Release|Any CPU.ActiveCfg = Release|Any CPU
		{7C3B9BF3-AD82-4F41-9BD3-5AFA643EB83C}.Release|Any CPU.Build.0 = Release|Any CPU
		{0E1EE6B3-212E-4C34-913A-4A6AFAAA57CC}.Debug|Any CPU.ActiveCfg = Debug|Any CPU
		{0E1EE6B3-212E-4C34-913A-4A6AFAAA57CC}.Debug|Any CPU.Build.0 = Debug|Any CPU
		{0E1EE6B3-212E-4C34-913A-4A6AFAAA57CC}.Release|Any CPU.ActiveCfg = Release|Any CPU
		{0E1EE6B3-212E-4C34-913A-4A6AFAAA57CC}.Release|Any CPU.Build.0 = Release|Any CPU
	EndGlobalSection
	GlobalSection(SolutionProperties) = preSolution
		HideSolutionNode = FALSE
	EndGlobalSection
	GlobalSection(ExtensibilityGlobals) = postSolution
		SolutionGuid = {A726CB9F-97F0-4995-9D21-A9B0C9B28C9E}
	EndGlobalSection
EndGlobal
